
Microsoft Visual Studio Solution File, Format Version 12.00
# Visual Studio Version 16
VisualStudioVersion = 16.0.30717.126
MinimumVisualStudioVersion = 10.0.40219.1
Project("{8BC9CEB8-8B4A-11D0-8D11-00A0C91BC942}") = "SentencePieceWrapper", "SentencePieceWrapper.vcxproj", "{D410C3CC-E54F-445D-9E5A-0BD78CEAC7E8}"
EndProject
Project("{FAE04EC0-301F-11D3-BF4B-00C04F79EFBC}") = "SentencePieceDotNET", "..\SentencePieceDotNET\SentencePieceDotNET.csproj", "{B191C3AA-1A5B-4D94-98D6-2D7140819DCF}"
EndProject
Global
	GlobalSection(SolutionConfigurationPlatforms) = preSolution
		Debug|Any CPU = Debug|Any CPU
		Debug|x64 = Debug|x64
		Debug|x86 = Debug|x86
		Release|Any CPU = Release|Any CPU
		Release|x64 = Release|x64
		Release|x86 = Release|x86
	EndGlobalSection
	GlobalSection(ProjectConfigurationPlatforms) = postSolution
		{D410C3CC-E54F-445D-9E5A-0BD78CEAC7E8}.Debug|Any CPU.ActiveCfg = Debug|Win32
		{D410C3CC-E54F-445D-9E5A-0BD78CEAC7E8}.Debug|x64.ActiveCfg = Debug|x64
		{D410C3CC-E54F-445D-9E5A-0BD78CEAC7E8}.Debug|x64.Build.0 = Debug|x64
		{D410C3CC-E54F-445D-9E5A-0BD78CEAC7E8}.Debug|x86.ActiveCfg = Debug|Win32
		{D410C3CC-E54F-445D-9E5A-0BD78CEAC7E8}.Debug|x86.Build.0 = Debug|Win32
		{D410C3CC-E54F-445D-9E5A-0BD78CEAC7E8}.Release|Any CPU.ActiveCfg = Release|Win32
		{D410C3CC-E54F-445D-9E5A-0BD78CEAC7E8}.Release|x64.ActiveCfg = Release|x64
		{D410C3CC-E54F-445D-9E5A-0BD78CEAC7E8}.Release|x64.Build.0 = Release|x64
		{D410C3CC-E54F-445D-9E5A-0BD78CEAC7E8}.Release|x86.ActiveCfg = Release|Win32
		{D410C3CC-E54F-445D-9E5A-0BD78CEAC7E8}.Release|x86.Build.0 = Release|Win32
		{B191C3AA-1A5B-4D94-98D6-2D7140819DCF}.Debug|Any CPU.ActiveCfg = Debug|Any CPU
		{B191C3AA-1A5B-4D94-98D6-2D7140819DCF}.Debug|Any CPU.Build.0 = Debug|Any CPU
		{B191C3AA-1A5B-4D94-98D6-2D7140819DCF}.Debug|x64.ActiveCfg = Debug|Any CPU
		{B191C3AA-1A5B-4D94-98D6-2D7140819DCF}.Debug|x64.Build.0 = Debug|Any CPU
		{B191C3AA-1A5B-4D94-98D6-2D7140819DCF}.Debug|x86.ActiveCfg = Debug|Any CPU
		{B191C3AA-1A5B-4D94-98D6-2D7140819DCF}.Debug|x86.Build.0 = Debug|Any CPU
		{B191C3AA-1A5B-4D94-98D6-2D7140819DCF}.Release|Any CPU.ActiveCfg = Release|Any CPU
		{B191C3AA-1A5B-4D94-98D6-2D7140819DCF}.Release|Any CPU.Build.0 = Release|Any CPU
		{B191C3AA-1A5B-4D94-98D6-2D7140819DCF}.Release|x64.ActiveCfg = Release|x64
		{B191C3AA-1A5B-4D94-98D6-2D7140819DCF}.Release|x64.Build.0 = Release|x64
		{B191C3AA-1A5B-4D94-98D6-2D7140819DCF}.Release|x86.ActiveCfg = Release|Any CPU
		{B191C3AA-1A5B-4D94-98D6-2D7140819DCF}.Release|x86.Build.0 = Release|Any CPU
	EndGlobalSection
	GlobalSection(SolutionProperties) = preSolution
		HideSolutionNode = FALSE
	EndGlobalSection
	GlobalSection(ExtensibilityGlobals) = postSolution
		SolutionGuid = {A00719D2-A143-4B26-B38D-5B6508151FE0}
	EndGlobalSection
EndGlobal
